# THIS IS AN AUTOGENERATED FILE. DO NOT EDIT THIS FILE DIRECTLY.
# yarn lockfile v1


"@effect-ts/core@^0.12.1":
  version "0.12.1"
  resolved "https://registry.yarnpkg.com/@effect-ts/core/-/core-0.12.1.tgz#a135b06112cceaaffdf8027a68a2eae90bfd2754"
  integrity sha512-hDTAGs+rkf+eEV8AJdyYPQ1LVIdUjixF1vMKt4FaAeFOWKGFf8EUVUukiTcy0QJqiEcIJ6asChaapOgH+b4oRA==
  dependencies:
    "@effect-ts/system" "^0.10.1"
    "@effect-ts/tracing-utils" "^0.2.4"

"@effect-ts/system@^0.10.1":
  version "0.10.1"
  resolved "https://registry.yarnpkg.com/@effect-ts/system/-/system-0.10.1.tgz#c3eb79010de4c6b25626c0fbbded48852eb6cc63"
  integrity sha512-n7Z0ZqBFb94dJjpKAzPMB2rn+7/8NnFENoaGHhVAuDg8RIXk5bijUMVE0pbjzdzwbhZIxmpz+82nVIzbwhqyAw==
  dependencies:
    "@effect-ts/tracing-utils" "^0.2.4"

"@effect-ts/tracing-utils@^0.2.2", "@effect-ts/tracing-utils@^0.2.4":
  version "0.2.4"
  resolved "https://registry.yarnpkg.com/@effect-ts/tracing-utils/-/tracing-utils-0.2.4.tgz#e0d70fd7b240799fa4ef534b07ac51833e7e9a6a"
  integrity sha512-nsxvWYyoBmmVLvVZB3LCtH2hyrMIH+7adwfib1KjMg8mHhc/Zbi3ftNVty1Bem80310tF/sPbR2C5rYDKYHavA==
