# THIS IS AN AUTOGENERATED FILE. DO NOT EDIT THIS FILE DIRECTLY.
# yarn lockfile v1


"@effect-ts/core@^0.11.1":
  version "0.11.1"
  resolved "https://registry.yarnpkg.com/@effect-ts/core/-/core-0.11.1.tgz#abfc4b21f45d5ee2ca58b3c0725884ac65288f91"
  dependencies:
    "@effect-ts/system" "^0.9.1"

"@effect-ts/system@^0.9.1":
  version "0.9.1"
  resolved "https://registry.yarnpkg.com/@effect-ts/system/-/system-0.9.1.tgz#a8f4ea425f928677b51eb3c7e07aa8ded1f1f52a"
  dependencies:
    "@effect-ts/tracing-utils" "^0.2.2"

"@effect-ts/tracing-utils@^0.2.2":
  version "0.2.2"
  resolved "https://registry.yarnpkg.com/@effect-ts/tracing-utils/-/tracing-utils-0.2.2.tgz#470f3efec0b5a3a81d6b40e1a094003deb14674b"

prettier@^2.2.1:
  version "2.2.1"
  resolved "https://registry.yarnpkg.com/prettier/-/prettier-2.2.1.tgz#795a1a78dd52f073da0cd42b21f9c91381923ff5"
