# THIS IS AN AUTOGENERATED FILE. DO NOT EDIT THIS FILE DIRECTLY.
# yarn lockfile v1


"@effect-ts/core@^0.12.2":
  version "0.12.2"
  resolved "https://registry.yarnpkg.com/@effect-ts/core/-/core-0.12.2.tgz#bcd6d49b37154466686c2bc5f809288e2652d2aa"
  dependencies:
    "@effect-ts/system" "^0.10.2"
    "@effect-ts/tracing-utils" "^0.2.4"

"@effect-ts/monocle@^0.11.2":
  version "0.11.2"
  resolved "https://registry.yarnpkg.com/@effect-ts/monocle/-/monocle-0.11.2.tgz#c91f55b78b12b78287ccb55f6614dafe9f3b5b0e"
  dependencies:
    "@effect-ts/core" "^0.12.2"
    "@effect-ts/tracing-utils" "^0.2.4"

"@effect-ts/morphic@^0.12.2":
  version "0.12.2"
  resolved "https://registry.yarnpkg.com/@effect-ts/morphic/-/morphic-0.12.2.tgz#83aba3d629218de2a40ae2a537069ec6e4f1f903"
  dependencies:
    "@effect-ts/core" "^0.12.2"
    "@effect-ts/monocle" "^0.11.2"
    "@effect-ts/tracing-utils" "^0.2.4"

"@effect-ts/system@^0.10.2":
  version "0.10.2"
  resolved "https://registry.yarnpkg.com/@effect-ts/system/-/system-0.10.2.tgz#8bb14ce63c404aa27416591bbe957f948bde587a"
  dependencies:
    "@effect-ts/tracing-utils" "^0.2.4"

"@effect-ts/tracing-utils@^0.2.2", "@effect-ts/tracing-utils@^0.2.4":
  version "0.2.4"
  resolved "https://registry.yarnpkg.com/@effect-ts/tracing-utils/-/tracing-utils-0.2.4.tgz#e0d70fd7b240799fa4ef534b07ac51833e7e9a6a"

"@types/node@^14.14.20":
  version "14.14.20"
  resolved "https://registry.yarnpkg.com/@types/node/-/node-14.14.20.tgz#f7974863edd21d1f8a494a73e8e2b3658615c340"

arg@^4.1.0:
  version "4.1.3"
  resolved "https://registry.yarnpkg.com/arg/-/arg-4.1.3.tgz#269fc7ad5b8e42cb63c896d5666017261c144089"

buffer-from@^1.0.0:
  version "1.1.1"
  resolved "https://registry.yarnpkg.com/buffer-from/-/buffer-from-1.1.1.tgz#32713bc028f75c02fdb710d7c7bcec1f2c6070ef"

create-require@^1.1.0:
  version "1.1.1"
  resolved "https://registry.yarnpkg.com/create-require/-/create-require-1.1.1.tgz#c1d7e8f1e5f6cfc9ff65f9cd352d37348756c333"

diff@^4.0.1:
  version "4.0.2"
  resolved "https://registry.yarnpkg.com/diff/-/diff-4.0.2.tgz#60f3aecb89d5fae520c11aa19efc2bb982aade7d"

fast-equals@^2.0.0:
  version "2.0.0"
  resolved "https://registry.yarnpkg.com/fast-equals/-/fast-equals-2.0.0.tgz#bef2c423af3939f2c54310df54c57e64cd2adefc"

fast-safe-stringify@^2.0.7:
  version "2.0.7"
  resolved "https://registry.yarnpkg.com/fast-safe-stringify/-/fast-safe-stringify-2.0.7.tgz#124aa885899261f68aedb42a7c080de9da608743"

make-error@^1.1.1:
  version "1.3.6"
  resolved "https://registry.yarnpkg.com/make-error/-/make-error-1.3.6.tgz#2eb2e37ea9b67c4891f684a1394799af484cf7a2"

source-map-support@^0.5.17:
  version "0.5.19"
  resolved "https://registry.yarnpkg.com/source-map-support/-/source-map-support-0.5.19.tgz#a98b62f86dcaf4f67399648c085291ab9e8fed61"
  dependencies:
    buffer-from "^1.0.0"
    source-map "^0.6.0"

source-map@^0.6.0:
  version "0.6.1"
  resolved "https://registry.yarnpkg.com/source-map/-/source-map-0.6.1.tgz#74722af32e9614e9c287a8d0bbde48b5e2f1a263"

ts-node@^9.1.1:
  version "9.1.1"
  resolved "https://registry.yarnpkg.com/ts-node/-/ts-node-9.1.1.tgz#51a9a450a3e959401bda5f004a72d54b936d376d"
  dependencies:
    arg "^4.1.0"
    create-require "^1.1.0"
    diff "^4.0.1"
    make-error "^1.1.1"
    source-map-support "^0.5.17"
    yn "3.1.1"

typescript@^4.1.3:
  version "4.1.3"
  resolved "https://registry.yarnpkg.com/typescript/-/typescript-4.1.3.tgz#519d582bd94cba0cf8934c7d8e8467e473f53bb7"

yn@3.1.1:
  version "3.1.1"
  resolved "https://registry.yarnpkg.com/yn/-/yn-3.1.1.tgz#1e87401a09d767c1d5eab26a6e4c185182d2eb50"
